
Microsoft Visual Studio Solution File, Format Version 12.00
# Visual Studio Version 17
VisualStudioVersion = 17.1.32328.378
MinimumVisualStudioVersion = 10.0.40219.1
Project("{FAE04EC0-301F-11D3-BF4B-00C04F79EFBC}") = "YeRoBattle", "YeRoBattle\YeRoBattle.csproj", "{669C511E-AB5F-41C1-98EC-7D7F1D3E5BE2}"
EndProject
Project("{FAE04EC0-301F-11D3-BF4B-00C04F79EFBC}") = "YeRoBattle.Engine", "YeRoBattle.Engine\YeRoBattle.Engine.csproj", "{94D7CB1B-4607-4867-950D-F7A8EE2B9E38}"
EndProject
Project("{FAE04EC0-301F-11D3-BF4B-00C04F79EFBC}") = "YeRoBattle.Logger", "YeRoBattle.Logger\YeRoBattle.Logger.csproj", "{8149B1D3-58C7-4688-B02E-DC9B7A4177A4}"
EndProject
Project("{FAE04EC0-301F-11D3-BF4B-00C04F79EFBC}") = "YeRoBattle.BattleField", "YeRoBattle.BattleField\YeRoBattle.BattleField.csproj", "{4A58AA7C-D7E2-4ADB-A386-5638396B4623}"
EndProject
Global
	GlobalSection(SolutionConfigurationPlatforms) = preSolution
		Debug|Any CPU = Debug|Any CPU
		Release|Any CPU = Release|Any CPU
	EndGlobalSection
	GlobalSection(ProjectConfigurationPlatforms) = postSolution
		{669C511E-AB5F-41C1-98EC-7D7F1D3E5BE2}.Debug|Any CPU.ActiveCfg = Debug|Any CPU
		{669C511E-AB5F-41C1-98EC-7D7F1D3E5BE2}.Debug|Any CPU.Build.0 = Debug|Any CPU
		{669C511E-AB5F-41C1-98EC-7D7F1D3E5BE2}.Release|Any CPU.ActiveCfg = Release|Any CPU
		{669C511E-AB5F-41C1-98EC-7D7F1D3E5BE2}.Release|Any CPU.Build.0 = Release|Any CPU
		{94D7CB1B-4607-4867-950D-F7A8EE2B9E38}.Debug|Any CPU.ActiveCfg = Debug|Any CPU
		{94D7CB1B-4607-4867-950D-F7A8EE2B9E38}.Debug|Any CPU.Build.0 = Debug|Any CPU
		{94D7CB1B-4607-4867-950D-F7A8EE2B9E38}.Release|Any CPU.ActiveCfg = Release|Any CPU
		{94D7CB1B-4607-4867-950D-F7A8EE2B9E38}.Release|Any CPU.Build.0 = Release|Any CPU
		{8149B1D3-58C7-4688-B02E-DC9B7A4177A4}.Debug|Any CPU.ActiveCfg = Debug|Any CPU
		{8149B1D3-58C7-4688-B02E-DC9B7A4177A4}.Debug|Any CPU.Build.0 = Debug|Any CPU
		{8149B1D3-58C7-4688-B02E-DC9B7A4177A4}.Release|Any CPU.ActiveCfg = Release|Any CPU
		{8149B1D3-58C7-4688-B02E-DC9B7A4177A4}.Release|Any CPU.Build.0 = Release|Any CPU
		{4A58AA7C-D7E2-4ADB-A386-5638396B4623}.Debug|Any CPU.ActiveCfg = Debug|Any CPU
		{4A58AA7C-D7E2-4ADB-A386-5638396B4623}.Debug|Any CPU.Build.0 = Debug|Any CPU
		{4A58AA7C-D7E2-4ADB-A386-5638396B4623}.Release|Any CPU.ActiveCfg = Release|Any CPU
		{4A58AA7C-D7E2-4ADB-A386-5638396B4623}.Release|Any CPU.Build.0 = Release|Any CPU
	EndGlobalSection
	GlobalSection(SolutionProperties) = preSolution
		HideSolutionNode = FALSE
	EndGlobalSection
	GlobalSection(ExtensibilityGlobals) = postSolution
		SolutionGuid = {2E1FEFF4-4981-41CA-B22B-F84E88B1F82A}
	EndGlobalSection
EndGlobal
